
Microsoft Visual Studio Solution File, Format Version 12.00
# Visual Studio Version 17
VisualStudioVersion = 17.4.33110.190
MinimumVisualStudioVersion = 10.0.40219.1
Project("{FAE04EC0-301F-11D3-BF4B-00C04F79EFBC}") = "Desktop_App", "Desktop_App\Desktop_App.csproj", "{BF373F42-BDB4-45A4-9215-4682B72EB814}"
EndProject
Global
	GlobalSection(SolutionConfigurationPlatforms) = preSolution
		Debug|Any CPU = Debug|Any CPU
		Release|Any CPU = Release|Any CPU
	EndGlobalSection
	GlobalSection(ProjectConfigurationPlatforms) = postSolution
		{BF373F42-BDB4-45A4-9215-4682B72EB814}.Debug|Any CPU.ActiveCfg = Debug|Any CPU
		{BF373F42-BDB4-45A4-9215-4682B72EB814}.Debug|Any CPU.Build.0 = Debug|Any CPU
		{BF373F42-BDB4-45A4-9215-4682B72EB814}.Release|Any CPU.ActiveCfg = Release|Any CPU
		{BF373F42-BDB4-45A4-9215-4682B72EB814}.Release|Any CPU.Build.0 = Release|Any CPU
	EndGlobalSection
	GlobalSection(SolutionProperties) = preSolution
		HideSolutionNode = FALSE
	EndGlobalSection
	GlobalSection(ExtensibilityGlobals) = postSolution
		SolutionGuid = {72E11B09-6D09-4ADF-848D-3E17F0810F50}
	EndGlobalSection
EndGlobal
